
Microsoft Visual Studio Solution File, Format Version 12.00
# Visual Studio Version 17
VisualStudioVersion = 17.5.33530.505
MinimumVisualStudioVersion = 10.0.40219.1
Project("{9A19103F-16F7-4668-BE54-9A1E7A4F7556}") = "CalcStats", "CalcStats\CalcStats.csproj", "{F2337496-8E43-4EBC-BAAB-F98521F14D40}"
EndProject
Project("{FAE04EC0-301F-11D3-BF4B-00C04F79EFBC}") = "StringSum", "StringSum\StringSum.csproj", "{9497F115-72C0-4ABD-933C-23AE1A75390B}"
EndProject
Project("{FAE04EC0-301F-11D3-BF4B-00C04F79EFBC}") = "UnitTestingTests", "UnitTestingTests\UnitTestingTests.csproj", "{A891C674-7DE5-45E3-8129-B94B776912CE}"
EndProject
Global
	GlobalSection(SolutionConfigurationPlatforms) = preSolution
		Debug|Any CPU = Debug|Any CPU
		Release|Any CPU = Release|Any CPU
	EndGlobalSection
	GlobalSection(ProjectConfigurationPlatforms) = postSolution
		{F2337496-8E43-4EBC-BAAB-F98521F14D40}.Debug|Any CPU.ActiveCfg = Debug|Any CPU
		{F2337496-8E43-4EBC-BAAB-F98521F14D40}.Debug|Any CPU.Build.0 = Debug|Any CPU
		{F2337496-8E43-4EBC-BAAB-F98521F14D40}.Release|Any CPU.ActiveCfg = Release|Any CPU
		{F2337496-8E43-4EBC-BAAB-F98521F14D40}.Release|Any CPU.Build.0 = Release|Any CPU
		{9497F115-72C0-4ABD-933C-23AE1A75390B}.Debug|Any CPU.ActiveCfg = Debug|Any CPU
		{9497F115-72C0-4ABD-933C-23AE1A75390B}.Debug|Any CPU.Build.0 = Debug|Any CPU
		{9497F115-72C0-4ABD-933C-23AE1A75390B}.Release|Any CPU.ActiveCfg = Release|Any CPU
		{9497F115-72C0-4ABD-933C-23AE1A75390B}.Release|Any CPU.Build.0 = Release|Any CPU
		{A891C674-7DE5-45E3-8129-B94B776912CE}.Debug|Any CPU.ActiveCfg = Debug|Any CPU
		{A891C674-7DE5-45E3-8129-B94B776912CE}.Debug|Any CPU.Build.0 = Debug|Any CPU
		{A891C674-7DE5-45E3-8129-B94B776912CE}.Release|Any CPU.ActiveCfg = Release|Any CPU
		{A891C674-7DE5-45E3-8129-B94B776912CE}.Release|Any CPU.Build.0 = Release|Any CPU
	EndGlobalSection
	GlobalSection(SolutionProperties) = preSolution
		HideSolutionNode = FALSE
	EndGlobalSection
	GlobalSection(ExtensibilityGlobals) = postSolution
		SolutionGuid = {6B12AD30-E4DB-40FB-B2F4-2DF8B68BF522}
	EndGlobalSection
EndGlobal
